
Microsoft Visual Studio Solution File, Format Version 12.00
# Visual Studio Version 17
VisualStudioVersion = 17.14.36518.9 d17.14
MinimumVisualStudioVersion = 10.0.40219.1
Project("{FAE04EC0-301F-11D3-BF4B-00C04F79EFBC}") = "WebApplication1", "WebApplication1\WebApplication1.csproj", "{0D065E51-35C1-4364-939B-5B4788ACD8D3}"
EndProject
Global
	GlobalSection(SolutionConfigurationPlatforms) = preSolution
		Debug|Any CPU = Debug|Any CPU
		Release|Any CPU = Release|Any CPU
	EndGlobalSection
	GlobalSection(ProjectConfigurationPlatforms) = postSolution
		{0D065E51-35C1-4364-939B-5B4788ACD8D3}.Debug|Any CPU.ActiveCfg = Debug|Any CPU
		{0D065E51-35C1-4364-939B-5B4788ACD8D3}.Debug|Any CPU.Build.0 = Debug|Any CPU
		{0D065E51-35C1-4364-939B-5B4788ACD8D3}.Release|Any CPU.ActiveCfg = Release|Any CPU
		{0D065E51-35C1-4364-939B-5B4788ACD8D3}.Release|Any CPU.Build.0 = Release|Any CPU
	EndGlobalSection
	GlobalSection(SolutionProperties) = preSolution
		HideSolutionNode = FALSE
	EndGlobalSection
	GlobalSection(ExtensibilityGlobals) = postSolution
		SolutionGuid = {0238D5C2-92A3-4B77-8782-74EA13B02A1A}
	EndGlobalSection
EndGlobal
